
Microsoft Visual Studio Solution File, Format Version 12.00
# Visual Studio Version 17
VisualStudioVersion = 17.9.34616.47
MinimumVisualStudioVersion = 10.0.40219.1
Project("{FAE04EC0-301F-11D3-BF4B-00C04F79EFBC}") = "myCar", "myCar\myCar.csproj", "{00C25AEA-E573-4AE8-BE5E-589E917FC068}"
EndProject
Global
	GlobalSection(SolutionConfigurationPlatforms) = preSolution
		Debug|Any CPU = Debug|Any CPU
		Release|Any CPU = Release|Any CPU
	EndGlobalSection
	GlobalSection(ProjectConfigurationPlatforms) = postSolution
		{00C25AEA-E573-4AE8-BE5E-589E917FC068}.Debug|Any CPU.ActiveCfg = Debug|Any CPU
		{00C25AEA-E573-4AE8-BE5E-589E917FC068}.Debug|Any CPU.Build.0 = Debug|Any CPU
		{00C25AEA-E573-4AE8-BE5E-589E917FC068}.Release|Any CPU.ActiveCfg = Release|Any CPU
		{00C25AEA-E573-4AE8-BE5E-589E917FC068}.Release|Any CPU.Build.0 = Release|Any CPU
	EndGlobalSection
	GlobalSection(SolutionProperties) = preSolution
		HideSolutionNode = FALSE
	EndGlobalSection
	GlobalSection(ExtensibilityGlobals) = postSolution
		SolutionGuid = {94B7934E-189A-45A8-911A-3E326015986E}
	EndGlobalSection
EndGlobal
